// !$*UTF8*$!
{
	archiveVersion = 1;
	classes = {
	};
	objectVersion = 46;
	objects = {

/* Begin PBXBuildFile section */
		96F285311F29675F002135E1 /* AppDelegate.swift in Sources */ = {isa = PBXBuildFile; fileRef = 96F285301F29675F002135E1 /* AppDelegate.swift */; };
		96F285361F29675F002135E1 /* Main.storyboard in Resources */ = {isa = PBXBuildFile; fileRef = 96F285341F29675F002135E1 /* Main.storyboard */; };
		96F285381F29675F002135E1 /* Assets.xcassets in Resources */ = {isa = PBXBuildFile; fileRef = 96F285371F29675F002135E1 /* Assets.xcassets */; };
		96F2853B1F29675F002135E1 /* LaunchScreen.storyboard in Resources */ = {isa = PBXBuildFile; fileRef = 96F285391F29675F002135E1 /* LaunchScreen.storyboard */; };
		96F285431F2967A7002135E1 /* PhotosViewController.swift in Sources */ = {isa = PBXBuildFile; fileRef = 96F285421F2967A7002135E1 /* PhotosViewController.swift */; };
		96F285451F29684A002135E1 /* FlickrAPI.swift in Sources */ = {isa = PBXBuildFile; fileRef = 96F285441F29684A002135E1 /* FlickrAPI.swift */; };
		96F285471F296AFE002135E1 /* PhotoStore.swift in Sources */ = {isa = PBXBuildFile; fileRef = 96F285461F296AFE002135E1 /* PhotoStore.swift */; };
		96F285491F2985DC002135E1 /* Photo.swift in Sources */ = {isa = PBXBuildFile; fileRef = 96F285481F2985DC002135E1 /* Photo.swift */; };
		96F2854B1F29E136002135E1 /* PhotoDataSource.swift in Sources */ = {isa = PBXBuildFile; fileRef = 96F2854A1F29E136002135E1 /* PhotoDataSource.swift */; };
/* End PBXBuildFile section */

/* Begin PBXFileReference section */
		96F2852D1F29675F002135E1 /* Photorama.app */ = {isa = PBXFileReference; explicitFileType = wrapper.application; includeInIndex = 0; path = Photorama.app; sourceTree = BUILT_PRODUCTS_DIR; };
		96F285301F29675F002135E1 /* AppDelegate.swift */ = {isa = PBXFileReference; lastKnownFileType = sourcecode.swift; path = AppDelegate.swift; sourceTree = "<group>"; };
		96F285351F29675F002135E1 /* Base */ = {isa = PBXFileReference; lastKnownFileType = file.storyboard; name = Base; path = Base.lproj/Main.storyboard; sourceTree = "<group>"; };
		96F285371F29675F002135E1 /* Assets.xcassets */ = {isa = PBXFileReference; lastKnownFileType = folder.assetcatalog; path = Assets.xcassets; sourceTree = "<group>"; };
		96F2853A1F29675F002135E1 /* Base */ = {isa = PBXFileReference; lastKnownFileType = file.storyboard; name = Base; path = Base.lproj/LaunchScreen.storyboard; sourceTree = "<group>"; };
		96F2853C1F29675F002135E1 /* Info.plist */ = {isa = PBXFileReference; lastKnownFileType = text.plist.xml; path = Info.plist; sourceTree = "<group>"; };
		96F285421F2967A7002135E1 /* PhotosViewController.swift */ = {isa = PBXFileReference; fileEncoding = 4; lastKnownFileType = sourcecode.swift; path = PhotosViewController.swift; sourceTree = "<group>"; };
		96F285441F29684A002135E1 /* FlickrAPI.swift */ = {isa = PBXFileReference; fileEncoding = 4; lastKnownFileType = sourcecode.swift; path = FlickrAPI.swift; sourceTree = "<group>"; };
		96F285461F296AFE002135E1 /* PhotoStore.swift */ = {isa = PBXFileReference; fileEncoding = 4; lastKnownFileType = sourcecode.swift; path = PhotoStore.swift; sourceTree = "<group>"; };
		96F285481F2985DC002135E1 /* Photo.swift */ = {isa = PBXFileReference; fileEncoding = 4; lastKnownFileType = sourcecode.swift; path = Photo.swift; sourceTree = "<group>"; };
		96F2854A1F29E136002135E1 /* PhotoDataSource.swift */ = {isa = PBXFileReference; fileEncoding = 4; lastKnownFileType = sourcecode.swift; path = PhotoDataSource.swift; sourceTree = "<group>"; };
/* End PBXFileReference section */

/* Begin PBXFrameworksBuildPhase section */
		96F2852A1F29675F002135E1 /* Frameworks */ = {
			isa = PBXFrameworksBuildPhase;
			buildActionMask = 2147483647;
			files = (
			);
			runOnlyForDeploymentPostprocessing = 0;
		};
/* End PBXFrameworksBuildPhase section */

/* Begin PBXGroup section */
		96F285241F29675F002135E1 = {
			isa = PBXGroup;
			children = (
				96F2852F1F29675F002135E1 /* Photorama */,
				96F2852E1F29675F002135E1 /* Products */,
			);
			sourceTree = "<group>";
		};
		96F2852E1F29675F002135E1 /* Products */ = {
			isa = PBXGroup;
			children = (
				96F2852D1F29675F002135E1 /* Photorama.app */,
			);
			name = Products;
			sourceTree = "<group>";
		};
		96F2852F1F29675F002135E1 /* Photorama */ = {
			isa = PBXGroup;
			children = (
				96F285301F29675F002135E1 /* AppDelegate.swift */,
				96F285441F29684A002135E1 /* FlickrAPI.swift */,
				96F285481F2985DC002135E1 /* Photo.swift */,
				96F285461F296AFE002135E1 /* PhotoStore.swift */,
				96F2854A1F29E136002135E1 /* PhotoDataSource.swift */,
				96F285421F2967A7002135E1 /* PhotosViewController.swift */,
				96F285341F29675F002135E1 /* Main.storyboard */,
				96F285371F29675F002135E1 /* Assets.xcassets */,
				96F285391F29675F002135E1 /* LaunchScreen.storyboard */,
				96F2853C1F29675F002135E1 /* Info.plist */,
			);
			path = Photorama;
			sourceTree = "<group>";
		};
/* End PBXGroup section */

/* Begin PBXNativeTarget section */
		96F2852C1F29675F002135E1 /* Photorama */ = {
			isa = PBXNativeTarget;
			buildConfigurationList = 96F2853F1F29675F002135E1 /* Build configuration list for PBXNativeTarget "Photorama" */;
			buildPhases = (
				96F285291F29675F002135E1 /* Sources */,
				96F2852A1F29675F002135E1 /* Frameworks */,
				96F2852B1F29675F002135E1 /* Resources */,
			);
			buildRules = (
			);
			dependencies = (
			);
			name = Photorama;
			productName = Photorama;
			productReference = 96F2852D1F29675F002135E1 /* Photorama.app */;
			productType = "com.apple.product-type.application";
		};
/* End PBXNativeTarget section */

/* Begin PBXProject section */
		96F285251F29675F002135E1 /* Project object */ = {
			isa = PBXProject;
			attributes = {
				LastSwiftUpdateCheck = 0830;
				LastUpgradeCheck = 0830;
				ORGANIZATIONNAME = "Jason Zheng";
				TargetAttributes = {
					96F2852C1F29675F002135E1 = {
						CreatedOnToolsVersion = 8.3.3;
						DevelopmentTeam = 6N8QAK7VZN;
						ProvisioningStyle = Automatic;
					};
				};
			};
			buildConfigurationList = 96F285281F29675F002135E1 /* Build configuration list for PBXProject "Photorama" */;
			compatibilityVersion = "Xcode 3.2";
			developmentRegion = English;
			hasScannedForEncodings = 0;
			knownRegions = (
				en,
				Base,
			);
			mainGroup = 96F285241F29675F002135E1;
			productRefGroup = 96F2852E1F29675F002135E1 /* Products */;
			projectDirPath = "";
			projectRoot = "";
			targets = (
				96F2852C1F29675F002135E1 /* Photorama */,
			);
		};
/* End PBXProject section */

/* Begin PBXResourcesBuildPhase section */
		96F2852B1F29675F002135E1 /* Resources */ = {
			isa = PBXResourcesBuildPhase;
			buildActionMask = 2147483647;
			files = (
				96F2853B1F29675F002135E1 /* LaunchScreen.storyboard in Resources */,
				96F285381F29675F002135E1 /* Assets.xcassets in Resources */,
				96F285361F29675F002135E1 /* Main.storyboard in Resources */,
			);
			runOnlyForDeploymentPostprocessing = 0;
		};
/* End PBXResourcesBuildPhase section */

/* Begin PBXSourcesBuildPhase section */
		96F285291F29675F002135E1 /* Sources */ = {
			isa = PBXSourcesBuildPhase;
			buildActionMask = 2147483647;
			files = (
				96F285451F29684A002135E1 /* FlickrAPI.swift in Sources */,
				96F285431F2967A7002135E1 /* PhotosViewController.swift in Sources */,
				96F285471F296AFE002135E1 /* PhotoStore.swift in Sources */,
				96F2854B1F29E136002135E1 /* PhotoDataSource.swift in Sources */,
				96F285311F29675F002135E1 /* AppDelegate.swift in Sources */,
				96F285491F2985DC002135E1 /* Photo.swift in Sources */,
			);
			runOnlyForDeploymentPostprocessing = 0;
		};
/* End PBXSourcesBuildPhase section */

/* Begin PBXVariantGroup section */
		96F285341F29675F002135E1 /* Main.storyboard */ = {
			isa = PBXVariantGroup;
			children = (
				96F285351F29675F002135E1 /* Base */,
			);
			name = Main.storyboard;
			sourceTree = "<group>";
		};
		96F285391F29675F002135E1 /* LaunchScreen.storyboard */ = {
			isa = PBXVariantGroup;
			children = (
				96F2853A1F29675F002135E1 /* Base */,
			);
			name = LaunchScreen.storyboard;
			sourceTree = "<group>";
		};
/* End PBXVariantGroup section */

/* Begin XCBuildConfiguration section */
		96F2853D1F29675F002135E1 /* Debug */ = {
			isa = XCBuildConfiguration;
			buildSettings = {
				ALWAYS_SEARCH_USER_PATHS = NO;
				CLANG_ANALYZER_NONNULL = YES;
				CLANG_ANALYZER_NUMBER_OBJECT_CONVERSION = YES_AGGRESSIVE;
				CLANG_CXX_LANGUAGE_STANDARD = "gnu++0x";
				CLANG_CXX_LIBRARY = "libc++";
				CLANG_ENABLE_MODULES = YES;
				CLANG_ENABLE_OBJC_ARC = YES;
				CLANG_WARN_BOOL_CONVERSION = YES;
				CLANG_WARN_CONSTANT_CONVERSION = YES;
				CLANG_WARN_DIRECT_OBJC_ISA_USAGE = YES_ERROR;
				CLANG_WARN_DOCUMENTATION_COMMENTS = YES;
				CLANG_WARN_EMPTY_BODY = YES;
				CLANG_WARN_ENUM_CONVERSION = YES;
				CLANG_WARN_INFINITE_RECURSION = YES;
				CLANG_WARN_INT_CONVERSION = YES;
				CLANG_WARN_OBJC_ROOT_CLASS = YES_ERROR;
				CLANG_WARN_SUSPICIOUS_MOVE = YES;
				CLANG_WARN_UNREACHABLE_CODE = YES;
				CLANG_WARN__DUPLICATE_METHOD_MATCH = YES;
				"CODE_SIGN_IDENTITY[sdk=iphoneos*]" = "iPhone Developer";
				COPY_PHASE_STRIP = NO;
				DEBUG_INFORMATION_FORMAT = dwarf;
				ENABLE_STRICT_OBJC_MSGSEND = YES;
				ENABLE_TESTABILITY = YES;
				GCC_C_LANGUAGE_STANDARD = gnu99;
				GCC_DYNAMIC_NO_PIC = NO;
				GCC_NO_COMMON_BLOCKS = YES;
				GCC_OPTIMIZATION_LEVEL = 0;
				GCC_PREPROCESSOR_DEFINITIONS = (
					"DEBUG=1",
					"$(inherited)",
				);
				GCC_WARN_64_TO_32_BIT_CONVERSION = YES;
				GCC_WARN_ABOUT_RETURN_TYPE = YES_ERROR;
				GCC_WARN_UNDECLARED_SELECTOR = YES;
				GCC_WARN_UNINITIALIZED_AUTOS = YES_AGGRESSIVE;
				GCC_WARN_UNUSED_FUNCTION = YES;
				GCC_WARN_UNUSED_VARIABLE = YES;
				IPHONEOS_DEPLOYMENT_TARGET = 10.3;
				MTL_ENABLE_DEBUG_INFO = YES;
				ONLY_ACTIVE_ARCH = YES;
				SDKROOT = iphoneos;
				SWIFT_ACTIVE_COMPILATION_CONDITIONS = DEBUG;
				SWIFT_OPTIMIZATION_LEVEL = "-Onone";
				TARGETED_DEVICE_FAMILY = "1,2";
			};
			name = Debug;
		};
		96F2853E1F29675F002135E1 /* Release */ = {
			isa = XCBuildConfiguration;
			buildSettings = {
				ALWAYS_SEARCH_USER_PATHS = NO;
				CLANG_ANALYZER_NONNULL = YES;
				CLANG_ANALYZER_NUMBER_OBJECT_CONVERSION = YES_AGGRESSIVE;
				CLANG_CXX_LANGUAGE_STANDARD = "gnu++0x";
				CLANG_CXX_LIBRARY = "libc++";
				CLANG_ENABLE_MODULES = YES;
				CLANG_ENABLE_OBJC_ARC = YES;
				CLANG_WARN_BOOL_CONVERSION = YES;
				CLANG_WARN_CONSTANT_CONVERSION = YES;
				CLANG_WARN_DIRECT_OBJC_ISA_USAGE = YES_ERROR;
				CLANG_WARN_DOCUMENTATION_COMMENTS = YES;
				CLANG_WARN_EMPTY_BODY = YES;
				CLANG_WARN_ENUM_CONVERSION = YES;
				CLANG_WARN_INFINITE_RECURSION = YES;
				CLANG_WARN_INT_CONVERSION = YES;
				CLANG_WARN_OBJC_ROOT_CLASS = YES_ERROR;
				CLANG_WARN_SUSPICIOUS_MOVE = YES;
				CLANG_WARN_UNREACHABLE_CODE = YES;
				CLANG_WARN__DUPLICATE_METHOD_MATCH = YES;
				"CODE_SIGN_IDENTITY[sdk=iphoneos*]" = "iPhone Developer";
				COPY_PHASE_STRIP = NO;
				DEBUG_INFORMATION_FORMAT = "dwarf-with-dsym";
				ENABLE_NS_ASSERTIONS = NO;
				ENABLE_STRICT_OBJC_MSGSEND = YES;
				GCC_C_LANGUAGE_STANDARD = gnu99;
				GCC_NO_COMMON_BLOCKS = YES;
				GCC_WARN_64_TO_32_BIT_CONVERSION = YES;
				GCC_WARN_ABOUT_RETURN_TYPE = YES_ERROR;
				GCC_WARN_UNDECLARED_SELECTOR = YES;
				GCC_WARN_UNINITIALIZED_AUTOS = YES_AGGRESSIVE;
				GCC_WARN_UNUSED_FUNCTION = YES;
				GCC_WARN_UNUSED_VARIABLE = YES;
				IPHONEOS_DEPLOYMENT_TARGET = 10.3;
				MTL_ENABLE_DEBUG_INFO = NO;
				SDKROOT = iphoneos;
				SWIFT_OPTIMIZATION_LEVEL = "-Owholemodule";
				TARGETED_DEVICE_FAMILY = "1,2";
				VALIDATE_PRODUCT = YES;
			};
			name = Release;
		};
		96F285401F29675F002135E1 /* Debug */ = {
			isa = XCBuildConfiguration;
			buildSettings = {
				ASSETCATALOG_COMPILER_APPICON_NAME = AppIcon;
				DEVELOPMENT_TEAM = 6N8QAK7VZN;
				INFOPLIST_FILE = Photorama/Info.plist;
				LD_RUNPATH_SEARCH_PATHS = "$(inherited) @executable_path/Frameworks";
				PRODUCT_BUNDLE_IDENTIFIER = net.toolinbox.test.Photorama;
				PRODUCT_NAME = "$(TARGET_NAME)";
				SWIFT_VERSION = 3.0;
			};
			name = Debug;
		};
		96F285411F29675F002135E1 /* Release */ = {
			isa = XCBuildConfiguration;
			buildSettings = {
				ASSETCATALOG_COMPILER_APPICON_NAME = AppIcon;
				DEVELOPMENT_TEAM = 6N8QAK7VZN;
				INFOPLIST_FILE = Photorama/Info.plist;
				LD_RUNPATH_SEARCH_PATHS = "$(inherited) @executable_path/Frameworks";
				PRODUCT_BUNDLE_IDENTIFIER = net.toolinbox.test.Photorama;
				PRODUCT_NAME = "$(TARGET_NAME)";
				SWIFT_VERSION = 3.0;
			};
			name = Release;
		};
/* End XCBuildConfiguration section */

/* Begin XCConfigurationList section */
		96F285281F29675F002135E1 /* Build configuration list for PBXProject "Photorama" */ = {
			isa = XCConfigurationList;
			buildConfigurations = (
				96F2853D1F29675F002135E1 /* Debug */,
				96F2853E1F29675F002135E1 /* Release */,
			);
			defaultConfigurationIsVisible = 0;
			defaultConfigurationName = Release;
		};
		96F2853F1F29675F002135E1 /* Build configuration list for PBXNativeTarget "Photorama" */ = {
			isa = XCConfigurationList;
			buildConfigurations = (
				96F285401F29675F002135E1 /* Debug */,
				96F285411F29675F002135E1 /* Release */,
			);
			defaultConfigurationIsVisible = 0;
		};
/* End XCConfigurationList section */
	};
	rootObject = 96F285251F29675F002135E1 /* Project object */;
}
